
Microsoft Visual Studio Solution File, Format Version 12.00
# Visual Studio Version 16
VisualStudioVersion = 16.0.32002.261
MinimumVisualStudioVersion = 10.0.40219.1
Project("{FAE04EC0-301F-11D3-BF4B-00C04F79EFBC}") = "BaseDeDatos", "BaseDeDatos\BaseDeDatos.csproj", "{BF0DB7B9-D9A1-4FCA-8026-81B821007178}"
EndProject
Global
	GlobalSection(SolutionConfigurationPlatforms) = preSolution
		Debug|Any CPU = Debug|Any CPU
		Release|Any CPU = Release|Any CPU
	EndGlobalSection
	GlobalSection(ProjectConfigurationPlatforms) = postSolution
		{BF0DB7B9-D9A1-4FCA-8026-81B821007178}.Debug|Any CPU.ActiveCfg = Debug|Any CPU
		{BF0DB7B9-D9A1-4FCA-8026-81B821007178}.Debug|Any CPU.Build.0 = Debug|Any CPU
		{BF0DB7B9-D9A1-4FCA-8026-81B821007178}.Release|Any CPU.ActiveCfg = Release|Any CPU
		{BF0DB7B9-D9A1-4FCA-8026-81B821007178}.Release|Any CPU.Build.0 = Release|Any CPU
	EndGlobalSection
	GlobalSection(SolutionProperties) = preSolution
		HideSolutionNode = FALSE
	EndGlobalSection
	GlobalSection(ExtensibilityGlobals) = postSolution
		SolutionGuid = {17222544-BF43-479F-B784-AF49937F1D35}
	EndGlobalSection
EndGlobal
